
Microsoft Visual Studio Solution File, Format Version 12.00
# Visual Studio Version 16
VisualStudioVersion = 16.0.29424.173
MinimumVisualStudioVersion = 10.0.40219.1
Project("{FAE04EC0-301F-11D3-BF4B-00C04F79EFBC}") = "Crow.OrgChart", "Crow.OrgChart\Crow.OrgChart.csproj", "{31333887-E163-4CFC-AC5E-EA8AF43AD64E}"
EndProject
Global
	GlobalSection(SolutionConfigurationPlatforms) = preSolution
		Debug|Any CPU = Debug|Any CPU
		Release|Any CPU = Release|Any CPU
	EndGlobalSection
	GlobalSection(ProjectConfigurationPlatforms) = postSolution
		{31333887-E163-4CFC-AC5E-EA8AF43AD64E}.Debug|Any CPU.ActiveCfg = Debug|Any CPU
		{31333887-E163-4CFC-AC5E-EA8AF43AD64E}.Debug|Any CPU.Build.0 = Debug|Any CPU
		{31333887-E163-4CFC-AC5E-EA8AF43AD64E}.Release|Any CPU.ActiveCfg = Release|Any CPU
		{31333887-E163-4CFC-AC5E-EA8AF43AD64E}.Release|Any CPU.Build.0 = Release|Any CPU
	EndGlobalSection
	GlobalSection(SolutionProperties) = preSolution
		HideSolutionNode = FALSE
	EndGlobalSection
	GlobalSection(ExtensibilityGlobals) = postSolution
		SolutionGuid = {08EF615E-32DF-475E-AB8A-A560BD438B0C}
	EndGlobalSection
EndGlobal
